
Microsoft Visual Studio Solution File, Format Version 12.00
# Visual Studio Version 16
VisualStudioVersion = 16.0.29009.5
MinimumVisualStudioVersion = 10.0.40219.1
Project("{FAE04EC0-301F-11D3-BF4B-00C04F79EFBC}") = "MCBot", "MCBot\MCBot.csproj", "{CADAD9C1-A059-49D7-80F0-08979B401BA1}"
EndProject
Global
	GlobalSection(SolutionConfigurationPlatforms) = preSolution
		Debug|Any CPU = Debug|Any CPU
		Release|Any CPU = Release|Any CPU
	EndGlobalSection
	GlobalSection(ProjectConfigurationPlatforms) = postSolution
		{CADAD9C1-A059-49D7-80F0-08979B401BA1}.Debug|Any CPU.ActiveCfg = Debug|Any CPU
		{CADAD9C1-A059-49D7-80F0-08979B401BA1}.Debug|Any CPU.Build.0 = Debug|Any CPU
		{CADAD9C1-A059-49D7-80F0-08979B401BA1}.Release|Any CPU.ActiveCfg = Release|Any CPU
		{CADAD9C1-A059-49D7-80F0-08979B401BA1}.Release|Any CPU.Build.0 = Release|Any CPU
	EndGlobalSection
	GlobalSection(SolutionProperties) = preSolution
		HideSolutionNode = FALSE
	EndGlobalSection
	GlobalSection(ExtensibilityGlobals) = postSolution
		SolutionGuid = {1A703777-A9AD-4347-A69E-0993DDCA3EF3}
	EndGlobalSection
EndGlobal
